
Microsoft Visual Studio Solution File, Format Version 12.00
# Visual Studio 15
VisualStudioVersion = 15.0.28307.1259
MinimumVisualStudioVersion = 10.0.40219.1
Project("{8BC9CEB8-8B4A-11D0-8D11-00A0C91BC942}") = "MarketInfo", "MarketInfo\MarketInfo.vcxproj", "{1C32289B-2ABF-488C-BFB9-0A9AD34890F4}"
	ProjectSection(ProjectDependencies) = postProject
		{95D6C244-48AD-42DB-83F9-2F5B229902B5} = {95D6C244-48AD-42DB-83F9-2F5B229902B5}
		{ADC4968B-FBCE-4937-961B-9A10DE10F083} = {ADC4968B-FBCE-4937-961B-9A10DE10F083}
	EndProjectSection
EndProject
Project("{8BC9CEB8-8B4A-11D0-8D11-00A0C91BC942}") = "commlib", "commlib\commlib.vcxproj", "{95D6C244-48AD-42DB-83F9-2F5B229902B5}"
EndProject
Project("{8BC9CEB8-8B4A-11D0-8D11-00A0C91BC942}") = "LiveUpdate", "LiveUpdate\LiveUpdate.vcxproj", "{ADC4968B-FBCE-4937-961B-9A10DE10F083}"
	ProjectSection(ProjectDependencies) = postProject
		{95D6C244-48AD-42DB-83F9-2F5B229902B5} = {95D6C244-48AD-42DB-83F9-2F5B229902B5}
	EndProjectSection
EndProject
Global
	GlobalSection(SolutionConfigurationPlatforms) = preSolution
		Debug|Win32 = Debug|Win32
		Release|Win32 = Release|Win32
	EndGlobalSection
	GlobalSection(ProjectConfigurationPlatforms) = postSolution
		{1C32289B-2ABF-488C-BFB9-0A9AD34890F4}.Debug|Win32.ActiveCfg = Debug|Win32
		{1C32289B-2ABF-488C-BFB9-0A9AD34890F4}.Debug|Win32.Build.0 = Debug|Win32
		{1C32289B-2ABF-488C-BFB9-0A9AD34890F4}.Release|Win32.ActiveCfg = Release|Win32
		{1C32289B-2ABF-488C-BFB9-0A9AD34890F4}.Release|Win32.Build.0 = Release|Win32
		{95D6C244-48AD-42DB-83F9-2F5B229902B5}.Debug|Win32.ActiveCfg = Debug|Win32
		{95D6C244-48AD-42DB-83F9-2F5B229902B5}.Debug|Win32.Build.0 = Debug|Win32
		{95D6C244-48AD-42DB-83F9-2F5B229902B5}.Release|Win32.ActiveCfg = Release|Win32
		{95D6C244-48AD-42DB-83F9-2F5B229902B5}.Release|Win32.Build.0 = Release|Win32
		{ADC4968B-FBCE-4937-961B-9A10DE10F083}.Debug|Win32.ActiveCfg = Debug|Win32
		{ADC4968B-FBCE-4937-961B-9A10DE10F083}.Debug|Win32.Build.0 = Debug|Win32
		{ADC4968B-FBCE-4937-961B-9A10DE10F083}.Release|Win32.ActiveCfg = Release|Win32
		{ADC4968B-FBCE-4937-961B-9A10DE10F083}.Release|Win32.Build.0 = Release|Win32
	EndGlobalSection
	GlobalSection(SolutionProperties) = preSolution
		HideSolutionNode = FALSE
	EndGlobalSection
EndGlobal
